
Microsoft Visual Studio Solution File, Format Version 12.00
# Visual Studio Version 17
VisualStudioVersion = 17.10.34928.147
MinimumVisualStudioVersion = 10.0.40219.1
Project("{FAE04EC0-301F-11D3-BF4B-00C04F79EFBC}") = "Abstracciones", "Abstracciones\Abstracciones.csproj", "{188707FB-A1BA-4EC8-B732-3A9578DDB5C5}"
EndProject
Project("{FAE04EC0-301F-11D3-BF4B-00C04F79EFBC}") = "Reglas", "Reglas\Reglas.csproj", "{B75E4AFB-E4E9-4A94-9D5E-25647FA1C1BD}"
EndProject
Project("{FAE04EC0-301F-11D3-BF4B-00C04F79EFBC}") = "Web", "Web\Web.csproj", "{B3CF2C4C-AEBC-4CC4-938D-9133016E132F}"
EndProject
Global
	GlobalSection(SolutionConfigurationPlatforms) = preSolution
		Debug|Any CPU = Debug|Any CPU
		Release|Any CPU = Release|Any CPU
	EndGlobalSection
	GlobalSection(ProjectConfigurationPlatforms) = postSolution
		{188707FB-A1BA-4EC8-B732-3A9578DDB5C5}.Debug|Any CPU.ActiveCfg = Debug|Any CPU
		{188707FB-A1BA-4EC8-B732-3A9578DDB5C5}.Debug|Any CPU.Build.0 = Debug|Any CPU
		{188707FB-A1BA-4EC8-B732-3A9578DDB5C5}.Release|Any CPU.ActiveCfg = Release|Any CPU
		{188707FB-A1BA-4EC8-B732-3A9578DDB5C5}.Release|Any CPU.Build.0 = Release|Any CPU
		{B75E4AFB-E4E9-4A94-9D5E-25647FA1C1BD}.Debug|Any CPU.ActiveCfg = Debug|Any CPU
		{B75E4AFB-E4E9-4A94-9D5E-25647FA1C1BD}.Debug|Any CPU.Build.0 = Debug|Any CPU
		{B75E4AFB-E4E9-4A94-9D5E-25647FA1C1BD}.Release|Any CPU.ActiveCfg = Release|Any CPU
		{B75E4AFB-E4E9-4A94-9D5E-25647FA1C1BD}.Release|Any CPU.Build.0 = Release|Any CPU
		{B3CF2C4C-AEBC-4CC4-938D-9133016E132F}.Debug|Any CPU.ActiveCfg = Debug|Any CPU
		{B3CF2C4C-AEBC-4CC4-938D-9133016E132F}.Debug|Any CPU.Build.0 = Debug|Any CPU
		{B3CF2C4C-AEBC-4CC4-938D-9133016E132F}.Release|Any CPU.ActiveCfg = Release|Any CPU
		{B3CF2C4C-AEBC-4CC4-938D-9133016E132F}.Release|Any CPU.Build.0 = Release|Any CPU
	EndGlobalSection
	GlobalSection(SolutionProperties) = preSolution
		HideSolutionNode = FALSE
	EndGlobalSection
	GlobalSection(ExtensibilityGlobals) = postSolution
		SolutionGuid = {38B26E33-0DAB-4687-A126-0EEC98C2D430}
	EndGlobalSection
EndGlobal
